
Microsoft Visual Studio Solution File, Format Version 12.00
# Visual Studio Version 17
VisualStudioVersion = 17.4.33110.190
MinimumVisualStudioVersion = 10.0.40219.1
Project("{FAE04EC0-301F-11D3-BF4B-00C04F79EFBC}") = "LearningViewComponentTagHelper", "LearningViewComponentTagHelper\LearningViewComponentTagHelper.csproj", "{8FF68204-574F-4679-BC8B-10711685259D}"
EndProject
Global
	GlobalSection(SolutionConfigurationPlatforms) = preSolution
		Debug|Any CPU = Debug|Any CPU
		Release|Any CPU = Release|Any CPU
	EndGlobalSection
	GlobalSection(ProjectConfigurationPlatforms) = postSolution
		{8FF68204-574F-4679-BC8B-10711685259D}.Debug|Any CPU.ActiveCfg = Debug|Any CPU
		{8FF68204-574F-4679-BC8B-10711685259D}.Debug|Any CPU.Build.0 = Debug|Any CPU
		{8FF68204-574F-4679-BC8B-10711685259D}.Release|Any CPU.ActiveCfg = Release|Any CPU
		{8FF68204-574F-4679-BC8B-10711685259D}.Release|Any CPU.Build.0 = Release|Any CPU
	EndGlobalSection
	GlobalSection(SolutionProperties) = preSolution
		HideSolutionNode = FALSE
	EndGlobalSection
	GlobalSection(ExtensibilityGlobals) = postSolution
		SolutionGuid = {DA6267A5-FC63-4CA1-AC07-2E7B648D77D6}
	EndGlobalSection
EndGlobal
